<?xml version="1.0" encoding="utf-8"?>
<Project ToolsVersion="4.0" xmlns="http://schemas.microsoft.com/developer/msbuild/2003">
  <ItemGroup>
    <Filter Include="Mesh">
      <UniqueIdentifier>{2cc4fb5a-8c85-4717-a069-da73bbbf8ecf}</UniqueIdentifier>
    </Filter>
    <Filter Include="Camera">
      <UniqueIdentifier>{5f9035e3-71ac-4b98-bf6d-7f7a39f815b4}</UniqueIdentifier>
    </Filter>
    <Filter Include="Scene">
      <UniqueIdentifier>{34d55a21-1266-4110-9e37-7f5acfd84be6}</UniqueIdentifier>
    </Filter>
    <Filter Include="Font">
      <UniqueIdentifier>{76c9f8f0-af0a-4f41-bbe5-93ec49a98e84}</UniqueIdentifier>
    </Filter>
    <Filter Include="Occlusion">
      <UniqueIdentifier>{71dde7d7-fb87-4074-acd6-dd9ca2cdff2d}</UniqueIdentifier>
    </Filter>
    <Filter Include="Context">
      <UniqueIdentifier>{7ab87a3d-5d22-4066-a668-7260688b52a6}</UniqueIdentifier>
    </Filter>
    <Filter Include="Renderer">
      <UniqueIdentifier>{33a5c14e-8167-4bc6-9b5b-20e2796b9a27}</UniqueIdentifier>
    </Filter>
    <Filter Include="Mesh\Simplifyer">
      <UniqueIdentifier>{1610270e-ede9-4aa0-b87f-137a2872720c}</UniqueIdentifier>
    </Filter>
    <Filter Include="GUI">
      <UniqueIdentifier>{ea74010f-bc0d-4767-9222-8ae277d3e505}</UniqueIdentifier>
    </Filter>
    <Filter Include="GUI\Elements">
      <UniqueIdentifier>{71ae4257-59d2-4fdf-81c6-2c67207f9906}</UniqueIdentifier>
    </Filter>
    <Filter Include="GUI\Renderer">
      <UniqueIdentifier>{a0b69da9-6b34-4d02-9ced-da1ce7ecc93a}</UniqueIdentifier>
    </Filter>
    <Filter Include="GUI\Elements\FlowGraph">
      <UniqueIdentifier>{c18af782-cc8a-4f69-b9d4-8a951f89cdfd}</UniqueIdentifier>
    </Filter>
    <Filter Include="Assets">
      <UniqueIdentifier>{6644de8a-ef6a-4748-a87a-0796b2f0521d}</UniqueIdentifier>
    </Filter>
    <Filter Include="Mesh\VertexTransform">
      <UniqueIdentifier>{a4184c59-281b-4d9f-bc60-46ec629cf010}</UniqueIdentifier>
    </Filter>
    <Filter Include="Lighting">
      <UniqueIdentifier>{9c0c7414-d040-4c65-b2ec-7b05fb28f2d3}</UniqueIdentifier>
    </Filter>
    <Filter Include="Materials">
      <UniqueIdentifier>{735be87c-e729-4328-803c-d927aaecd922}</UniqueIdentifier>
    </Filter>
    <Filter Include="Effects">
      <UniqueIdentifier>{7a7cf0b9-4eaf-4c5f-9530-ea7094749dca}</UniqueIdentifier>
    </Filter>
    <Filter Include="GUI\Elements\Debug">
      <UniqueIdentifier>{c8874758-a712-45d7-9d48-9d31d6221f14}</UniqueIdentifier>
    </Filter>
    <Filter Include="Effects\VoxelGI">
      <UniqueIdentifier>{011f7cf6-8e86-4e9c-8613-9ce7558a8c43}</UniqueIdentifier>
    </Filter>
    <Filter Include="TiledTextures">
      <UniqueIdentifier>{07de9779-c291-452d-9b43-3ebffcec7245}</UniqueIdentifier>
    </Filter>
    <Filter Include="Effects\PostProcess">
      <UniqueIdentifier>{ba185f34-bcac-4fca-8826-b653172692a5}</UniqueIdentifier>
    </Filter>
    <Filter Include="Mesh\raw4">
      <UniqueIdentifier>{12055635-81de-4d96-a987-203708046721}</UniqueIdentifier>
    </Filter>
  </ItemGroup>
  <ItemGroup>
    <ClInclude Include="pch.h" />
    <ClInclude Include="Camera\Camera.h">
      <Filter>Camera</Filter>
    </ClInclude>
    <ClInclude Include="Scene\SceneObject.h">
      <Filter>Scene</Filter>
    </ClInclude>
    <ClInclude Include="Font\TextSystem.h">
      <Filter>Font</Filter>
    </ClInclude>
    <ClInclude Include="Occlusion\Occluder.h">
      <Filter>Occlusion</Filter>
    </ClInclude>
    <ClInclude Include="Context\Context.h">
      <Filter>Context</Filter>
    </ClInclude>
    <ClInclude Include="Mesh\Mesh.h">
      <Filter>Mesh</Filter>
    </ClInclude>
    <ClInclude Include="Renderer\Renderer.h">
      <Filter>Renderer</Filter>
    </ClInclude>
    <ClInclude Include="Mesh\Simplifyer\Simplifyer.h">
      <Filter>Mesh\Simplifyer</Filter>
    </ClInclude>
    <ClInclude Include="Mesh\VertexTransform\VertexTransform.h">
      <Filter>Mesh\VertexTransform</Filter>
    </ClInclude>
    <ClInclude Include="GUI\GUI.h">
      <Filter>GUI</Filter>
    </ClInclude>
    <ClInclude Include="GUI\Elements\Button.h">
      <Filter>GUI\Elements</Filter>
    </ClInclude>
    <ClInclude Include="GUI\Elements\Label.h">
      <Filter>GUI\Elements</Filter>
    </ClInclude>
    <ClInclude Include="GUI\Elements\Window.h">
      <Filter>GUI\Elements</Filter>
    </ClInclude>
    <ClInclude Include="GUI\Elements\Dragger.h">
      <Filter>GUI\Elements</Filter>
    </ClInclude>
    <ClInclude Include="GUI\Elements\Resizer.h">
      <Filter>GUI\Elements</Filter>
    </ClInclude>
    <ClInclude Include="GUI\Elements\Resizable.h">
      <Filter>GUI\Elements</Filter>
    </ClInclude>
    <ClInclude Include="GUI\Elements\EditText.h">
      <Filter>GUI\Elements</Filter>
    </ClInclude>
    <ClInclude Include="GUI\Elements\CheckBox.h">
      <Filter>GUI\Elements</Filter>
    </ClInclude>
    <ClInclude Include="GUI\Elements\HorizontalLayout.h">
      <Filter>GUI\Elements</Filter>
    </ClInclude>
    <ClInclude Include="GUI\Elements\CheckBoxText.h">
      <Filter>GUI\Elements</Filter>
    </ClInclude>
    <ClInclude Include="GUI\Renderer\Renderer.h">
      <Filter>GUI\Renderer</Filter>
    </ClInclude>
    <ClInclude Include="GUI\Elements\OptionBox.h">
      <Filter>GUI\Elements</Filter>
    </ClInclude>
    <ClInclude Include="GUI\Elements\ScrollBar.h">
      <Filter>GUI\Elements</Filter>
    </ClInclude>
    <ClInclude Include="GUI\Elements\ScrollContainer.h">
      <Filter>GUI\Elements</Filter>
    </ClInclude>
    <ClInclude Include="GUI\Elements\ListBox.h">
      <Filter>GUI\Elements</Filter>
    </ClInclude>
    <ClInclude Include="GUI\Elements\MenuList.h">
      <Filter>GUI\Elements</Filter>
    </ClInclude>
    <ClInclude Include="GUI\Elements\ComboBox.h">
      <Filter>GUI\Elements</Filter>
    </ClInclude>
    <ClInclude Include="GUI\Elements\TabControl.h">
      <Filter>GUI\Elements</Filter>
    </ClInclude>
    <ClInclude Include="GUI\Elements\Image.h">
      <Filter>GUI\Elements</Filter>
    </ClInclude>
    <ClInclude Include="GUI\Elements\StatusBar.h">
      <Filter>GUI\Elements</Filter>
    </ClInclude>
    <ClInclude Include="GUI\Elements\DockBase.h">
      <Filter>GUI\Elements</Filter>
    </ClInclude>
    <ClInclude Include="GUI\Elements\Container.h">
      <Filter>GUI\Elements</Filter>
    </ClInclude>
    <ClInclude Include="GUI\Elements\Tree.h">
      <Filter>GUI\Elements</Filter>
    </ClInclude>
    <ClInclude Include="GUI\Elements\FlowGraph\ComponentWindow.h">
      <Filter>GUI\Elements\FlowGraph</Filter>
    </ClInclude>
    <ClInclude Include="GUI\Elements\FlowGraph\Canvas.h">
      <Filter>GUI\Elements\FlowGraph</Filter>
    </ClInclude>
    <ClInclude Include="GUI\Renderer\Base.h">
      <Filter>GUI\Renderer</Filter>
    </ClInclude>
    <ClInclude Include="GUI\Elements\FlowGraph\Comment.h">
      <Filter>GUI\Elements\FlowGraph</Filter>
    </ClInclude>
    <ClInclude Include="GUI\Elements\FlowGraph\FlowManager.h">
      <Filter>GUI\Elements\FlowGraph</Filter>
    </ClInclude>
    <ClInclude Include="Assets\Asset.h">
      <Filter>Assets</Filter>
    </ClInclude>
    <ClInclude Include="GUI\Elements\AssetExplorer.h">
      <Filter>GUI\Elements</Filter>
    </ClInclude>
    <ClInclude Include="Assets\TextureAsset.h">
      <Filter>Assets</Filter>
    </ClInclude>
    <ClInclude Include="Assets\MaterialAsset.h">
      <Filter>Assets</Filter>
    </ClInclude>
    <ClInclude Include="Assets\MeshAsset.h">
      <Filter>Assets</Filter>
    </ClInclude>
    <ClInclude Include="Assets\AssetRenderer.h">
      <Filter>Assets</Filter>
    </ClInclude>
    <ClInclude Include="GUI\Elements\FlowGraph\ParameterWindow.h">
      <Filter>GUI\Elements\FlowGraph</Filter>
    </ClInclude>
    <ClInclude Include="Mesh\Vertexes.h">
      <Filter>Mesh</Filter>
    </ClInclude>
    <ClInclude Include="Helpers\MipMapGeneration.h" />
    <ClInclude Include="Materials\universal_material.h">
      <Filter>Materials</Filter>
    </ClInclude>
    <ClInclude Include="Materials\Values.h">
      <Filter>Materials</Filter>
    </ClInclude>
    <ClInclude Include="Assets\BinaryAsset.h">
      <Filter>Assets</Filter>
    </ClInclude>
    <ClInclude Include="Materials\ShaderMaterial.h">
      <Filter>Materials</Filter>
    </ClInclude>
    <ClInclude Include="GUI\Skin.h">
      <Filter>GUI</Filter>
    </ClInclude>
    <ClInclude Include="Lighting\Light.h">
      <Filter>Lighting</Filter>
    </ClInclude>
    <ClInclude Include="Lighting\GBuffer.h">
      <Filter>Lighting</Filter>
    </ClInclude>
    <ClInclude Include="Lighting\PSSM.h">
      <Filter>Lighting</Filter>
    </ClInclude>
    <ClInclude Include="Assets\TiledTexture.h">
      <Filter>Assets</Filter>
    </ClInclude>
    <ClInclude Include="GUI\Elements\ColoredRect.h">
      <Filter>GUI\Elements</Filter>
    </ClInclude>
    <ClInclude Include="Effects\TemporalAA.h">
      <Filter>Effects</Filter>
    </ClInclude>
    <ClInclude Include="GUI\Debug\OutputWindow.h">
      <Filter>GUI\Elements\Debug</Filter>
    </ClInclude>
    <ClInclude Include="GUI\Debug\TaskViewer.h">
      <Filter>GUI\Elements\Debug</Filter>
    </ClInclude>
    <ClInclude Include="GUI\Debug\TimerWatcher.h">
      <Filter>GUI\Elements\Debug</Filter>
    </ClInclude>
    <ClInclude Include="Renderer\StencilRenderer.h">
      <Filter>Renderer</Filter>
    </ClInclude>
    <ClInclude Include="GUI\Elements\ValueBox.h">
      <Filter>GUI\Elements</Filter>
    </ClInclude>
    <ClInclude Include="GUI\Elements\CircleSelector.h">
      <Filter>GUI\Elements</Filter>
    </ClInclude>
    <ClInclude Include="TiledTextures\Texture3DTiled.h">
      <Filter>TiledTextures</Filter>
    </ClInclude>
    <ClInclude Include="TiledTextures\GPUTilesBuffer.h">
      <Filter>TiledTextures</Filter>
    </ClInclude>
    <ClInclude Include="TiledTextures\VisibilityBuffer.h">
      <Filter>TiledTextures</Filter>
    </ClInclude>
    <ClInclude Include="TiledTextures\DynamicTileGenerator.h">
      <Filter>TiledTextures</Filter>
    </ClInclude>
    <ClInclude Include="Effects\VoxelGI\VoxelGI.h">
      <Filter>Effects\VoxelGI</Filter>
    </ClInclude>
    <ClInclude Include="GUI\Debug\TimerGraph.h">
      <Filter>GUI\Elements\Debug</Filter>
    </ClInclude>
    <ClInclude Include="Effects\PostProcess\SMAA.h">
      <Filter>Effects\PostProcess</Filter>
    </ClInclude>
    <ClInclude Include="Effects\PostProcess\Adaptation.h">
      <Filter>Effects\PostProcess</Filter>
    </ClInclude>
    <ClInclude Include="Effects\PostProcess\SSR.h">
      <Filter>Effects\PostProcess</Filter>
    </ClInclude>
    <ClInclude Include="Effects\Sky.h">
      <Filter>Effects</Filter>
    </ClInclude>
    <ClInclude Include="Mesh\raw4\raw4.h">
      <Filter>Mesh\raw4</Filter>
    </ClInclude>
    <ClInclude Include="Mesh\raw4\raw4_history.h">
      <Filter>Mesh\raw4</Filter>
    </ClInclude>
    <ClInclude Include="Mesh\raw4\Raw4Context.h">
      <Filter>Mesh\raw4</Filter>
    </ClInclude>
    <ClInclude Include="Mesh\raw4\Raw4Loader.h">
      <Filter>Mesh\raw4</Filter>
    </ClInclude>
    <ClInclude Include="Effects\PostProcess\SSGI.h">
      <Filter>Effects\PostProcess</Filter>
    </ClInclude>
    <ClInclude Include="Lighting\BRDF.h">
      <Filter>Lighting</Filter>
    </ClInclude>
  </ItemGroup>
  <ItemGroup>
    <ClCompile Include="pch.cpp" />
    <ClCompile Include="Mesh\Mesh.cpp">
      <Filter>Mesh</Filter>
    </ClCompile>
    <ClCompile Include="Mesh\AssimpLoader.cpp">
      <Filter>Mesh</Filter>
    </ClCompile>
    <ClCompile Include="Scene\SceneObject.cpp">
      <Filter>Scene</Filter>
    </ClCompile>
    <ClCompile Include="Font\TextSystem.cpp">
      <Filter>Font</Filter>
    </ClCompile>
    <ClCompile Include="Occlusion\Occluder.cpp">
      <Filter>Occlusion</Filter>
    </ClCompile>
    <ClCompile Include="GUI\GUI.cpp">
      <Filter>GUI</Filter>
    </ClCompile>
    <ClCompile Include="GUI\Elements\Button.cpp">
      <Filter>GUI\Elements</Filter>
    </ClCompile>
    <ClCompile Include="GUI\Elements\Label.cpp">
      <Filter>GUI\Elements</Filter>
    </ClCompile>
    <ClCompile Include="GUI\Elements\Window.cpp">
      <Filter>GUI\Elements</Filter>
    </ClCompile>
    <ClCompile Include="GUI\Elements\Dragger.cpp">
      <Filter>GUI\Elements</Filter>
    </ClCompile>
    <ClCompile Include="GUI\Elements\EditText.cpp">
      <Filter>GUI\Elements</Filter>
    </ClCompile>
    <ClCompile Include="GUI\Elements\CheckBox.cpp">
      <Filter>GUI\Elements</Filter>
    </ClCompile>
    <ClCompile Include="GUI\Elements\ScrollBar.cpp">
      <Filter>GUI\Elements</Filter>
    </ClCompile>
    <ClCompile Include="GUI\Elements\CheckBoxText.cpp">
      <Filter>GUI\Elements</Filter>
    </ClCompile>
    <ClCompile Include="GUI\Elements\HorizontalLayout.cpp">
      <Filter>GUI\Elements</Filter>
    </ClCompile>
    <ClCompile Include="GUI\Elements\OptionBox.cpp">
      <Filter>GUI\Elements</Filter>
    </ClCompile>
    <ClCompile Include="GUI\Elements\Resizable.cpp">
      <Filter>GUI\Elements</Filter>
    </ClCompile>
    <ClCompile Include="GUI\Elements\Resizer.cpp">
      <Filter>GUI\Elements</Filter>
    </ClCompile>
    <ClCompile Include="GUI\Elements\ScrollContainer.cpp">
      <Filter>GUI\Elements</Filter>
    </ClCompile>
    <ClCompile Include="GUI\Elements\ListBox.cpp">
      <Filter>GUI\Elements</Filter>
    </ClCompile>
    <ClCompile Include="GUI\Renderer\Renderer.cpp">
      <Filter>GUI\Renderer</Filter>
    </ClCompile>
    <ClCompile Include="GUI\Elements\MenuList.cpp">
      <Filter>GUI\Elements</Filter>
    </ClCompile>
    <ClCompile Include="GUI\Elements\ComboBox.cpp">
      <Filter>GUI\Elements</Filter>
    </ClCompile>
    <ClCompile Include="GUI\Elements\TabControl.cpp">
      <Filter>GUI\Elements</Filter>
    </ClCompile>
    <ClCompile Include="GUI\Elements\Image.cpp">
      <Filter>GUI\Elements</Filter>
    </ClCompile>
    <ClCompile Include="GUI\Elements\StatusBar.cpp">
      <Filter>GUI\Elements</Filter>
    </ClCompile>
    <ClCompile Include="GUI\Elements\DockBase.cpp">
      <Filter>GUI\Elements</Filter>
    </ClCompile>
    <ClCompile Include="GUI\Elements\Container.cpp">
      <Filter>GUI\Elements</Filter>
    </ClCompile>
    <ClCompile Include="GUI\Elements\Tree.cpp">
      <Filter>GUI\Elements</Filter>
    </ClCompile>
    <ClCompile Include="GUI\Elements\FlowGraph\ComponentWindow.cpp">
      <Filter>GUI\Elements\FlowGraph</Filter>
    </ClCompile>
    <ClCompile Include="GUI\Elements\FlowGraph\Canvas.cpp">
      <Filter>GUI\Elements\FlowGraph</Filter>
    </ClCompile>
    <ClCompile Include="GUI\Elements\FlowGraph\Comment.cpp">
      <Filter>GUI\Elements\FlowGraph</Filter>
    </ClCompile>
    <ClCompile Include="Assets\Asset.cpp">
      <Filter>Assets</Filter>
    </ClCompile>
    <ClCompile Include="GUI\Elements\AssetExplorer.cpp">
      <Filter>GUI\Elements</Filter>
    </ClCompile>
    <ClCompile Include="Assets\TextureAsset.cpp">
      <Filter>Assets</Filter>
    </ClCompile>
    <ClCompile Include="Assets\MaterialAsset.cpp">
      <Filter>Assets</Filter>
    </ClCompile>
    <ClCompile Include="Assets\MeshAsset.cpp">
      <Filter>Assets</Filter>
    </ClCompile>
    <ClCompile Include="Assets\AssetRenderer.cpp">
      <Filter>Assets</Filter>
    </ClCompile>
    <ClCompile Include="Mesh\Vertexes.cpp">
      <Filter>Mesh</Filter>
    </ClCompile>
    <ClCompile Include="Materials\universal_material.cpp">
      <Filter>Materials</Filter>
    </ClCompile>
    <ClCompile Include="Materials\Values.cpp">
      <Filter>Materials</Filter>
    </ClCompile>
    <ClCompile Include="Assets\BinaryAsset.cpp">
      <Filter>Assets</Filter>
    </ClCompile>
    <ClCompile Include="Materials\ShaderMaterial.cpp">
      <Filter>Materials</Filter>
    </ClCompile>
    <ClCompile Include="Context\Context2.cpp">
      <Filter>Context</Filter>
    </ClCompile>
    <ClCompile Include="GUI\Skin.cpp">
      <Filter>GUI</Filter>
    </ClCompile>
    <ClCompile Include="Lighting\PSSM.cpp">
      <Filter>Lighting</Filter>
    </ClCompile>
    <ClCompile Include="Assets\TiledTexture.cpp">
      <Filter>Assets</Filter>
    </ClCompile>
    <ClCompile Include="GUI\Elements\ColoredRect.cpp">
      <Filter>GUI\Elements</Filter>
    </ClCompile>
    <ClCompile Include="GUI\Debug\OutputWindow.cpp">
      <Filter>GUI\Elements\Debug</Filter>
    </ClCompile>
    <ClCompile Include="GUI\Debug\TaskViewer.cpp">
      <Filter>GUI\Elements\Debug</Filter>
    </ClCompile>
    <ClCompile Include="Renderer\MeshRenderer.cpp">
      <Filter>Renderer</Filter>
    </ClCompile>
    <ClCompile Include="Renderer\StencilRenderer.cpp">
      <Filter>Renderer</Filter>
    </ClCompile>
    <ClCompile Include="GUI\Elements\ValueBox.cpp">
      <Filter>GUI\Elements</Filter>
    </ClCompile>
    <ClCompile Include="MipMapGeneration.cpp" />
    <ClCompile Include="GUI\Elements\CircleSelector.cpp">
      <Filter>GUI\Elements</Filter>
    </ClCompile>
    <ClCompile Include="TiledTextures\DynamicTileGenerator.cpp">
      <Filter>TiledTextures</Filter>
    </ClCompile>
    <ClCompile Include="TiledTextures\GPUTilesBuffer.cpp">
      <Filter>TiledTextures</Filter>
    </ClCompile>
    <ClCompile Include="TiledTextures\Texture3DTiled.cpp">
      <Filter>TiledTextures</Filter>
    </ClCompile>
    <ClCompile Include="TiledTextures\VisibilityBuffer.cpp">
      <Filter>TiledTextures</Filter>
    </ClCompile>
    <ClCompile Include="Effects\VoxelGI\VoxelGI.cpp">
      <Filter>Effects\VoxelGI</Filter>
    </ClCompile>
    <ClCompile Include="GUI\Debug\TimerGraph.cpp">
      <Filter>GUI\Elements\Debug</Filter>
    </ClCompile>
    <ClCompile Include="Renderer\GPUMeshRender.cpp">
      <Filter>Renderer</Filter>
    </ClCompile>
    <ClCompile Include="Renderer\GPUCachedRenderer.cpp">
      <Filter>Renderer</Filter>
    </ClCompile>
    <ClCompile Include="Effects\PostProcess\Adaptation.cpp">
      <Filter>Effects\PostProcess</Filter>
    </ClCompile>
    <ClCompile Include="Effects\PostProcess\SMAA.cpp">
      <Filter>Effects\PostProcess</Filter>
    </ClCompile>
    <ClCompile Include="Effects\PostProcess\SSR.cpp">
      <Filter>Effects\PostProcess</Filter>
    </ClCompile>
    <ClCompile Include="Mesh\raw4\Raw4Context.cpp">
      <Filter>Mesh\raw4</Filter>
    </ClCompile>
    <ClCompile Include="Mesh\raw4\Raw4Loader.cpp">
      <Filter>Mesh\raw4</Filter>
    </ClCompile>
    <ClCompile Include="Mesh\RW4Importer.cpp" />
    <ClCompile Include="Effects\PostProcess\SSGI.cpp">
      <Filter>Effects\PostProcess</Filter>
    </ClCompile>
    <ClCompile Include="Lighting\GBuffer.cpp">
      <Filter>Lighting</Filter>
    </ClCompile>
    <ClCompile Include="Camera\Camera.cpp">
      <Filter>Camera</Filter>
    </ClCompile>
    <ClCompile Include="NinePatch.cpp">
      <Filter>GUI\Renderer</Filter>
    </ClCompile>
    <ClCompile Include="Effects\Sky.cpp">
      <Filter>Effects</Filter>
    </ClCompile>
    <ClCompile Include="Lighting\Light.cpp">
      <Filter>Lighting</Filter>
    </ClCompile>
    <ClCompile Include="Lighting\BRDF.cpp">
      <Filter>Lighting</Filter>
    </ClCompile>
  </ItemGroup>
</Project>