Microsoft Visual Studio Solution File, Format Version 12.00
# Visual Studio Version 16
VisualStudioVersion = 16.0.29905.134
MinimumVisualStudioVersion = 10.0.40219.1
Project("{8BC9CEB8-8B4A-11D0-8D11-00A0C91BC942}") = "Spectrum", "Spectrum\Spectrum.vcxproj", "{4AFAC69E-480F-41C7-8032-83DB0721F669}"
	ProjectSection(ProjectDependencies) = postProject
		{8DBA0609-8930-4609-AF65-0998FAA07E67} = {8DBA0609-8930-4609-AF65-0998FAA07E67}
		{9648D756-B340-4521-9C57-40FE30D013A5} = {9648D756-B340-4521-9C57-40FE30D013A5}
		{5C9FD859-DDF9-4510-8397-B329B0AE8C48} = {5C9FD859-DDF9-4510-8397-B329B0AE8C48}
		{787AD45D-FDE6-4A7B-954A-4019D9C1C2B6} = {787AD45D-FDE6-4A7B-954A-4019D9C1C2B6}
		{56D83C72-D76C-43FA-BD9C-44A56D0FD89B} = {56D83C72-D76C-43FA-BD9C-44A56D0FD89B}
		{77FCF898-7C36-40A4-9AFC-4796A4BDF973} = {77FCF898-7C36-40A4-9AFC-4796A4BDF973}
		{99697BDA-63B6-448F-A23E-D721CE7E57BD} = {99697BDA-63B6-448F-A23E-D721CE7E57BD}
		{1C472FEB-F52F-45A9-B312-3B0F200025F3} = {1C472FEB-F52F-45A9-B312-3B0F200025F3}
	EndProjectSection
EndProject
Project("{8BC9CEB8-8B4A-11D0-8D11-00A0C91BC942}") = "Core", "Core\Core.vcxproj", "{1C472FEB-F52F-45A9-B312-3B0F200025F3}"
	ProjectSection(ProjectDependencies) = postProject
		{56D83C72-D76C-43FA-BD9C-44A56D0FD89B} = {56D83C72-D76C-43FA-BD9C-44A56D0FD89B}
	EndProjectSection
EndProject
Project("{8BC9CEB8-8B4A-11D0-8D11-00A0C91BC942}") = "FileSystem", "FileSystem\FileSystem.vcxproj", "{99697BDA-63B6-448F-A23E-D721CE7E57BD}"
	ProjectSection(ProjectDependencies) = postProject
		{56D83C72-D76C-43FA-BD9C-44A56D0FD89B} = {56D83C72-D76C-43FA-BD9C-44A56D0FD89B}
		{1C472FEB-F52F-45A9-B312-3B0F200025F3} = {1C472FEB-F52F-45A9-B312-3B0F200025F3}
	EndProjectSection
EndProject
Project("{8BC9CEB8-8B4A-11D0-8D11-00A0C91BC942}") = "3rdparty", "3rdparty\3rdparty.vcxproj", "{56D83C72-D76C-43FA-BD9C-44A56D0FD89B}"
EndProject
Project("{8BC9CEB8-8B4A-11D0-8D11-00A0C91BC942}") = "DirectXFramework", "DirectXFramework\DirectXFramework.vcxproj", "{77FCF898-7C36-40A4-9AFC-4796A4BDF973}"
	ProjectSection(ProjectDependencies) = postProject
		{56D83C72-D76C-43FA-BD9C-44A56D0FD89B} = {56D83C72-D76C-43FA-BD9C-44A56D0FD89B}
		{99697BDA-63B6-448F-A23E-D721CE7E57BD} = {99697BDA-63B6-448F-A23E-D721CE7E57BD}
		{1C472FEB-F52F-45A9-B312-3B0F200025F3} = {1C472FEB-F52F-45A9-B312-3B0F200025F3}
	EndProjectSection
EndProject
Project("{8BC9CEB8-8B4A-11D0-8D11-00A0C91BC942}") = "GameFramework", "GameFramework\GameFramework.vcxproj", "{787AD45D-FDE6-4A7B-954A-4019D9C1C2B6}"
EndProject
Project("{8BC9CEB8-8B4A-11D0-8D11-00A0C91BC942}") = "RenderSystem", "RenderSystem\RenderSystem.vcxproj", "{9648D756-B340-4521-9C57-40FE30D013A5}"
	ProjectSection(ProjectDependencies) = postProject
		{8DBA0609-8930-4609-AF65-0998FAA07E67} = {8DBA0609-8930-4609-AF65-0998FAA07E67}
		{56D83C72-D76C-43FA-BD9C-44A56D0FD89B} = {56D83C72-D76C-43FA-BD9C-44A56D0FD89B}
		{77FCF898-7C36-40A4-9AFC-4796A4BDF973} = {77FCF898-7C36-40A4-9AFC-4796A4BDF973}
		{99697BDA-63B6-448F-A23E-D721CE7E57BD} = {99697BDA-63B6-448F-A23E-D721CE7E57BD}
		{1C472FEB-F52F-45A9-B312-3B0F200025F3} = {1C472FEB-F52F-45A9-B312-3B0F200025F3}
	EndProjectSection
EndProject
Project("{8BC9CEB8-8B4A-11D0-8D11-00A0C91BC942}") = "FlowGraph", "FlowGraph\FlowGraph.vcxproj", "{8DBA0609-8930-4609-AF65-0998FAA07E67}"
	ProjectSection(ProjectDependencies) = postProject
		{99697BDA-63B6-448F-A23E-D721CE7E57BD} = {99697BDA-63B6-448F-A23E-D721CE7E57BD}
		{1C472FEB-F52F-45A9-B312-3B0F200025F3} = {1C472FEB-F52F-45A9-B312-3B0F200025F3}
	EndProjectSection
EndProject
Project("{8BC9CEB8-8B4A-11D0-8D11-00A0C91BC942}") = "ZipLib", "3rdparty\ZipLib\ZipLib.vcxproj", "{5C9FD859-DDF9-4510-8397-B329B0AE8C48}"
EndProject
Project("{8BC9CEB8-8B4A-11D0-8D11-00A0C91BC942}") = "SIGParser", "SIGParser\SIGParser.vcxproj", "{4717336F-4ADC-43BB-860C-31B3FC7F6713}"
EndProject
Global
	GlobalSection(SolutionConfigurationPlatforms) = preSolution
		Debug|Win32 = Debug|Win32
		Debug|x64 = Debug|x64
		Normal|Win32 = Normal|Win32
		Normal|x64 = Normal|x64
		Release|Win32 = Release|Win32
		Release|x64 = Release|x64
	EndGlobalSection
	GlobalSection(ProjectConfigurationPlatforms) = postSolution
		{4AFAC69E-480F-41C7-8032-83DB0721F669}.Debug|Win32.ActiveCfg = Debug|Win32
		{4AFAC69E-480F-41C7-8032-83DB0721F669}.Debug|Win32.Build.0 = Debug|Win32
		{4AFAC69E-480F-41C7-8032-83DB0721F669}.Debug|Win32.Deploy.0 = Debug|Win32
		{4AFAC69E-480F-41C7-8032-83DB0721F669}.Debug|x64.ActiveCfg = Release|x64
		{4AFAC69E-480F-41C7-8032-83DB0721F669}.Debug|x64.Build.0 = Release|x64
		{4AFAC69E-480F-41C7-8032-83DB0721F669}.Normal|Win32.ActiveCfg = Normal|Win32
		{4AFAC69E-480F-41C7-8032-83DB0721F669}.Normal|Win32.Build.0 = Normal|Win32
		{4AFAC69E-480F-41C7-8032-83DB0721F669}.Normal|x64.ActiveCfg = Normal|x64
		{4AFAC69E-480F-41C7-8032-83DB0721F669}.Normal|x64.Build.0 = Normal|x64
		{4AFAC69E-480F-41C7-8032-83DB0721F669}.Release|Win32.ActiveCfg = Release|Win32
		{4AFAC69E-480F-41C7-8032-83DB0721F669}.Release|Win32.Build.0 = Release|Win32
		{4AFAC69E-480F-41C7-8032-83DB0721F669}.Release|x64.ActiveCfg = Release|x64
		{4AFAC69E-480F-41C7-8032-83DB0721F669}.Release|x64.Build.0 = Release|x64
		{1C472FEB-F52F-45A9-B312-3B0F200025F3}.Debug|Win32.ActiveCfg = Debug|Win32
		{1C472FEB-F52F-45A9-B312-3B0F200025F3}.Debug|Win32.Build.0 = Debug|Win32
		{1C472FEB-F52F-45A9-B312-3B0F200025F3}.Debug|x64.ActiveCfg = Release|x64
		{1C472FEB-F52F-45A9-B312-3B0F200025F3}.Debug|x64.Build.0 = Release|x64
		{1C472FEB-F52F-45A9-B312-3B0F200025F3}.Normal|Win32.ActiveCfg = Normal|Win32
		{1C472FEB-F52F-45A9-B312-3B0F200025F3}.Normal|Win32.Build.0 = Normal|Win32
		{1C472FEB-F52F-45A9-B312-3B0F200025F3}.Normal|x64.ActiveCfg = Release|x64
		{1C472FEB-F52F-45A9-B312-3B0F200025F3}.Normal|x64.Build.0 = Release|x64
		{1C472FEB-F52F-45A9-B312-3B0F200025F3}.Release|Win32.ActiveCfg = Release|Win32
		{1C472FEB-F52F-45A9-B312-3B0F200025F3}.Release|Win32.Build.0 = Release|Win32
		{1C472FEB-F52F-45A9-B312-3B0F200025F3}.Release|x64.ActiveCfg = Release|x64
		{1C472FEB-F52F-45A9-B312-3B0F200025F3}.Release|x64.Build.0 = Release|x64
		{99697BDA-63B6-448F-A23E-D721CE7E57BD}.Debug|Win32.ActiveCfg = Debug|Win32
		{99697BDA-63B6-448F-A23E-D721CE7E57BD}.Debug|Win32.Build.0 = Debug|Win32
		{99697BDA-63B6-448F-A23E-D721CE7E57BD}.Debug|x64.ActiveCfg = Release|x64
		{99697BDA-63B6-448F-A23E-D721CE7E57BD}.Debug|x64.Build.0 = Release|x64
		{99697BDA-63B6-448F-A23E-D721CE7E57BD}.Normal|Win32.ActiveCfg = Normal|Win32
		{99697BDA-63B6-448F-A23E-D721CE7E57BD}.Normal|Win32.Build.0 = Normal|Win32
		{99697BDA-63B6-448F-A23E-D721CE7E57BD}.Normal|x64.ActiveCfg = Normal|x64
		{99697BDA-63B6-448F-A23E-D721CE7E57BD}.Normal|x64.Build.0 = Normal|x64
		{99697BDA-63B6-448F-A23E-D721CE7E57BD}.Release|Win32.ActiveCfg = Release|Win32
		{99697BDA-63B6-448F-A23E-D721CE7E57BD}.Release|Win32.Build.0 = Release|Win32
		{99697BDA-63B6-448F-A23E-D721CE7E57BD}.Release|x64.ActiveCfg = Release|x64
		{99697BDA-63B6-448F-A23E-D721CE7E57BD}.Release|x64.Build.0 = Release|x64
		{56D83C72-D76C-43FA-BD9C-44A56D0FD89B}.Debug|Win32.ActiveCfg = Debug|Win32
		{56D83C72-D76C-43FA-BD9C-44A56D0FD89B}.Debug|Win32.Build.0 = Debug|Win32
		{56D83C72-D76C-43FA-BD9C-44A56D0FD89B}.Debug|x64.ActiveCfg = Release|x64
		{56D83C72-D76C-43FA-BD9C-44A56D0FD89B}.Debug|x64.Build.0 = Release|x64
		{56D83C72-D76C-43FA-BD9C-44A56D0FD89B}.Normal|Win32.ActiveCfg = Normal|Win32
		{56D83C72-D76C-43FA-BD9C-44A56D0FD89B}.Normal|Win32.Build.0 = Normal|Win32
		{56D83C72-D76C-43FA-BD9C-44A56D0FD89B}.Normal|x64.ActiveCfg = Normal|x64
		{56D83C72-D76C-43FA-BD9C-44A56D0FD89B}.Normal|x64.Build.0 = Normal|x64
		{56D83C72-D76C-43FA-BD9C-44A56D0FD89B}.Release|Win32.ActiveCfg = Release|Win32
		{56D83C72-D76C-43FA-BD9C-44A56D0FD89B}.Release|Win32.Build.0 = Release|Win32
		{56D83C72-D76C-43FA-BD9C-44A56D0FD89B}.Release|x64.ActiveCfg = Release|x64
		{56D83C72-D76C-43FA-BD9C-44A56D0FD89B}.Release|x64.Build.0 = Release|x64
		{77FCF898-7C36-40A4-9AFC-4796A4BDF973}.Debug|Win32.ActiveCfg = Debug|Win32
		{77FCF898-7C36-40A4-9AFC-4796A4BDF973}.Debug|Win32.Build.0 = Debug|Win32
		{77FCF898-7C36-40A4-9AFC-4796A4BDF973}.Debug|x64.ActiveCfg = Release|x64
		{77FCF898-7C36-40A4-9AFC-4796A4BDF973}.Debug|x64.Build.0 = Release|x64
		{77FCF898-7C36-40A4-9AFC-4796A4BDF973}.Normal|Win32.ActiveCfg = Normal|Win32
		{77FCF898-7C36-40A4-9AFC-4796A4BDF973}.Normal|Win32.Build.0 = Normal|Win32
		{77FCF898-7C36-40A4-9AFC-4796A4BDF973}.Normal|x64.ActiveCfg = Normal|x64
		{77FCF898-7C36-40A4-9AFC-4796A4BDF973}.Normal|x64.Build.0 = Normal|x64
		{77FCF898-7C36-40A4-9AFC-4796A4BDF973}.Release|Win32.ActiveCfg = Release|Win32
		{77FCF898-7C36-40A4-9AFC-4796A4BDF973}.Release|Win32.Build.0 = Release|Win32
		{77FCF898-7C36-40A4-9AFC-4796A4BDF973}.Release|x64.ActiveCfg = Release|x64
		{77FCF898-7C36-40A4-9AFC-4796A4BDF973}.Release|x64.Build.0 = Release|x64
		{787AD45D-FDE6-4A7B-954A-4019D9C1C2B6}.Debug|Win32.ActiveCfg = Debug|Win32
		{787AD45D-FDE6-4A7B-954A-4019D9C1C2B6}.Debug|Win32.Build.0 = Debug|Win32
		{787AD45D-FDE6-4A7B-954A-4019D9C1C2B6}.Debug|x64.ActiveCfg = Release|x64
		{787AD45D-FDE6-4A7B-954A-4019D9C1C2B6}.Debug|x64.Build.0 = Release|x64
		{787AD45D-FDE6-4A7B-954A-4019D9C1C2B6}.Normal|Win32.ActiveCfg = Normal|Win32
		{787AD45D-FDE6-4A7B-954A-4019D9C1C2B6}.Normal|Win32.Build.0 = Normal|Win32
		{787AD45D-FDE6-4A7B-954A-4019D9C1C2B6}.Normal|x64.ActiveCfg = Normal|x64
		{787AD45D-FDE6-4A7B-954A-4019D9C1C2B6}.Normal|x64.Build.0 = Normal|x64
		{787AD45D-FDE6-4A7B-954A-4019D9C1C2B6}.Release|Win32.ActiveCfg = Release|Win32
		{787AD45D-FDE6-4A7B-954A-4019D9C1C2B6}.Release|Win32.Build.0 = Release|Win32
		{787AD45D-FDE6-4A7B-954A-4019D9C1C2B6}.Release|x64.ActiveCfg = Release|x64
		{787AD45D-FDE6-4A7B-954A-4019D9C1C2B6}.Release|x64.Build.0 = Release|x64
		{9648D756-B340-4521-9C57-40FE30D013A5}.Debug|Win32.ActiveCfg = Debug|Win32
		{9648D756-B340-4521-9C57-40FE30D013A5}.Debug|Win32.Build.0 = Debug|Win32
		{9648D756-B340-4521-9C57-40FE30D013A5}.Debug|x64.ActiveCfg = Release|x64
		{9648D756-B340-4521-9C57-40FE30D013A5}.Debug|x64.Build.0 = Release|x64
		{9648D756-B340-4521-9C57-40FE30D013A5}.Normal|Win32.ActiveCfg = Normal|Win32
		{9648D756-B340-4521-9C57-40FE30D013A5}.Normal|Win32.Build.0 = Normal|Win32
		{9648D756-B340-4521-9C57-40FE30D013A5}.Normal|x64.ActiveCfg = Normal|x64
		{9648D756-B340-4521-9C57-40FE30D013A5}.Normal|x64.Build.0 = Normal|x64
		{9648D756-B340-4521-9C57-40FE30D013A5}.Release|Win32.ActiveCfg = Release|Win32
		{9648D756-B340-4521-9C57-40FE30D013A5}.Release|Win32.Build.0 = Release|Win32
		{9648D756-B340-4521-9C57-40FE30D013A5}.Release|x64.ActiveCfg = Release|x64
		{9648D756-B340-4521-9C57-40FE30D013A5}.Release|x64.Build.0 = Release|x64
		{8DBA0609-8930-4609-AF65-0998FAA07E67}.Debug|Win32.ActiveCfg = Debug|Win32
		{8DBA0609-8930-4609-AF65-0998FAA07E67}.Debug|Win32.Build.0 = Debug|Win32
		{8DBA0609-8930-4609-AF65-0998FAA07E67}.Debug|x64.ActiveCfg = Release|x64
		{8DBA0609-8930-4609-AF65-0998FAA07E67}.Debug|x64.Build.0 = Release|x64
		{8DBA0609-8930-4609-AF65-0998FAA07E67}.Normal|Win32.ActiveCfg = Normal|Win32
		{8DBA0609-8930-4609-AF65-0998FAA07E67}.Normal|Win32.Build.0 = Normal|Win32
		{8DBA0609-8930-4609-AF65-0998FAA07E67}.Normal|x64.ActiveCfg = Normal|x64
		{8DBA0609-8930-4609-AF65-0998FAA07E67}.Normal|x64.Build.0 = Normal|x64
		{8DBA0609-8930-4609-AF65-0998FAA07E67}.Release|Win32.ActiveCfg = Release|Win32
		{8DBA0609-8930-4609-AF65-0998FAA07E67}.Release|Win32.Build.0 = Release|Win32
		{8DBA0609-8930-4609-AF65-0998FAA07E67}.Release|x64.ActiveCfg = Release|x64
		{8DBA0609-8930-4609-AF65-0998FAA07E67}.Release|x64.Build.0 = Release|x64
		{5C9FD859-DDF9-4510-8397-B329B0AE8C48}.Debug|Win32.ActiveCfg = Debug|Win32
		{5C9FD859-DDF9-4510-8397-B329B0AE8C48}.Debug|Win32.Build.0 = Debug|Win32
		{5C9FD859-DDF9-4510-8397-B329B0AE8C48}.Debug|x64.ActiveCfg = Release|x64
		{5C9FD859-DDF9-4510-8397-B329B0AE8C48}.Debug|x64.Build.0 = Release|x64
		{5C9FD859-DDF9-4510-8397-B329B0AE8C48}.Normal|Win32.ActiveCfg = Normal|Win32
		{5C9FD859-DDF9-4510-8397-B329B0AE8C48}.Normal|Win32.Build.0 = Normal|Win32
		{5C9FD859-DDF9-4510-8397-B329B0AE8C48}.Normal|x64.ActiveCfg = Normal|x64
		{5C9FD859-DDF9-4510-8397-B329B0AE8C48}.Normal|x64.Build.0 = Normal|x64
		{5C9FD859-DDF9-4510-8397-B329B0AE8C48}.Release|Win32.ActiveCfg = Release|Win32
		{5C9FD859-DDF9-4510-8397-B329B0AE8C48}.Release|Win32.Build.0 = Release|Win32
		{5C9FD859-DDF9-4510-8397-B329B0AE8C48}.Release|x64.ActiveCfg = Release|x64
		{5C9FD859-DDF9-4510-8397-B329B0AE8C48}.Release|x64.Build.0 = Release|x64
		{4717336F-4ADC-43BB-860C-31B3FC7F6713}.Debug|Win32.ActiveCfg = Debug|Win32
		{4717336F-4ADC-43BB-860C-31B3FC7F6713}.Debug|Win32.Build.0 = Debug|Win32
		{4717336F-4ADC-43BB-860C-31B3FC7F6713}.Debug|x64.ActiveCfg = Debug|x64
		{4717336F-4ADC-43BB-860C-31B3FC7F6713}.Debug|x64.Build.0 = Debug|x64
		{4717336F-4ADC-43BB-860C-31B3FC7F6713}.Normal|Win32.ActiveCfg = Release|Win32
		{4717336F-4ADC-43BB-860C-31B3FC7F6713}.Normal|Win32.Build.0 = Release|Win32
		{4717336F-4ADC-43BB-860C-31B3FC7F6713}.Normal|x64.ActiveCfg = Release|x64
		{4717336F-4ADC-43BB-860C-31B3FC7F6713}.Normal|x64.Build.0 = Release|x64
		{4717336F-4ADC-43BB-860C-31B3FC7F6713}.Release|Win32.ActiveCfg = Release|Win32
		{4717336F-4ADC-43BB-860C-31B3FC7F6713}.Release|Win32.Build.0 = Release|Win32
		{4717336F-4ADC-43BB-860C-31B3FC7F6713}.Release|x64.ActiveCfg = Release|x64
		{4717336F-4ADC-43BB-860C-31B3FC7F6713}.Release|x64.Build.0 = Release|x64
	EndGlobalSection
	GlobalSection(SolutionProperties) = preSolution
		HideSolutionNode = FALSE
	EndGlobalSection
	GlobalSection(ExtensibilityGlobals) = postSolution
		SolutionGuid = {764D1A8F-8143-4EB2-BE17-9E9FCCEC1BDB}
	EndGlobalSection
	GlobalSection(CodealikeProperties) = postSolution
		SolutionGuid = a41936c5-8bb7-49f7-99b6-a966d9835b28
	EndGlobalSection
EndGlobal
