<?xml version="1.0" encoding="utf-8"?>
<Project ToolsVersion="4.0" xmlns="http://schemas.microsoft.com/developer/msbuild/2003">
  <ItemGroup>
    <Filter Include="ScreenGrab">
      <UniqueIdentifier>{a1623780-38c3-4732-a74f-3ec0b57bb533}</UniqueIdentifier>
    </Filter>
    <Filter Include="FW1FontWrapper">
      <UniqueIdentifier>{bfd8bf97-9272-4dfc-99c1-abb56220087c}</UniqueIdentifier>
    </Filter>
    <Filter Include="DX12">
      <UniqueIdentifier>{76ed8177-7195-4b22-aacd-dcc16db5b4c8}</UniqueIdentifier>
    </Filter>
    <Filter Include="D3D">
      <UniqueIdentifier>{f43e3f0d-8c1d-402f-8b09-29c7c05d5862}</UniqueIdentifier>
    </Filter>
    <Filter Include="DX11">
      <UniqueIdentifier>{405ed472-eae6-41d1-b233-92281b53fe8d}</UniqueIdentifier>
    </Filter>
    <Filter Include="DX11\Resource">
      <UniqueIdentifier>{44ac7b1c-434c-42ab-86d2-b7bd81b8526a}</UniqueIdentifier>
    </Filter>
    <Filter Include="DX11\Resource\TextureData">
      <UniqueIdentifier>{92e28d7f-a0a1-4695-a943-aa40b510e33e}</UniqueIdentifier>
    </Filter>
    <Filter Include="DX11\Shaders">
      <UniqueIdentifier>{42e85ac0-79f9-4730-99ba-521300a04c63}</UniqueIdentifier>
    </Filter>
    <Filter Include="DX11\Device">
      <UniqueIdentifier>{4e611254-891d-4aac-a1aa-57eca5d0a4f4}</UniqueIdentifier>
    </Filter>
    <Filter Include="DX11\Context">
      <UniqueIdentifier>{96a29266-0a6a-4424-949a-a27b103c012b}</UniqueIdentifier>
    </Filter>
    <Filter Include="DX11\ResourceViews">
      <UniqueIdentifier>{02103167-811c-46bb-84dd-5cca8c043665}</UniqueIdentifier>
    </Filter>
    <Filter Include="DX11\States">
      <UniqueIdentifier>{1b7bf4d7-671e-41cc-8467-c2110ec89409}</UniqueIdentifier>
    </Filter>
    <Filter Include="DX11\SwapChain">
      <UniqueIdentifier>{985b6275-cce0-474b-a6a6-d47e07298975}</UniqueIdentifier>
    </Filter>
  </ItemGroup>
  <ItemGroup>
    <ClInclude Include="Device\Device.h">
      <Filter>DX11\Device</Filter>
    </ClInclude>
    <ClInclude Include="pch.h" />
    <ClInclude Include="helper.h" />
    <ClInclude Include="SwapChain\SwapChain.h">
      <Filter>DX11\SwapChain</Filter>
    </ClInclude>
    <ClInclude Include="ResourceViews\RenderTarget.h">
      <Filter>DX11\ResourceViews</Filter>
    </ClInclude>
    <ClInclude Include="Resource\Resource.h">
      <Filter>DX11\Resource</Filter>
    </ClInclude>
    <ClInclude Include="Shaders\Shader.h">
      <Filter>DX11\Shaders</Filter>
    </ClInclude>
    <ClInclude Include="Resource\Texture2D.h">
      <Filter>DX11\Resource</Filter>
    </ClInclude>
    <ClInclude Include="States\RenderTargetState.h">
      <Filter>DX11\States</Filter>
    </ClInclude>
    <ClInclude Include="States\ConstBufferState.h">
      <Filter>DX11\States</Filter>
    </ClInclude>
    <ClInclude Include="Context\Context.h">
      <Filter>DX11\Context</Filter>
    </ClInclude>
    <ClInclude Include="Resource\Buffer.h">
      <Filter>DX11\Resource</Filter>
    </ClInclude>
    <ClInclude Include="Resource\InputLayout.h">
      <Filter>DX11\Resource</Filter>
    </ClInclude>
    <ClInclude Include="ResourceViews\ShaderResourceView.h">
      <Filter>DX11\ResourceViews</Filter>
    </ClInclude>
    <ClInclude Include="States\ShaderResourceState.h">
      <Filter>DX11\States</Filter>
    </ClInclude>
    <ClInclude Include="Resource\TextureData\Header.h">
      <Filter>DX11\Resource\TextureData</Filter>
    </ClInclude>
    <ClInclude Include="States\SamplerState.h">
      <Filter>DX11\States</Filter>
    </ClInclude>
    <ClInclude Include="States\States.h">
      <Filter>DX11\States</Filter>
    </ClInclude>
    <ClInclude Include="..\3rdparty\FW1FontWrapper\Source\CFW1ColorRGBA.h">
      <Filter>FW1FontWrapper</Filter>
    </ClInclude>
    <ClInclude Include="..\3rdparty\FW1FontWrapper\Source\CFW1DWriteRenderTarget.h">
      <Filter>FW1FontWrapper</Filter>
    </ClInclude>
    <ClInclude Include="..\3rdparty\FW1FontWrapper\Source\CFW1Factory.h">
      <Filter>FW1FontWrapper</Filter>
    </ClInclude>
    <ClInclude Include="..\3rdparty\FW1FontWrapper\Source\CFW1FontWrapper.h">
      <Filter>FW1FontWrapper</Filter>
    </ClInclude>
    <ClInclude Include="..\3rdparty\FW1FontWrapper\Source\CFW1GlyphAtlas.h">
      <Filter>FW1FontWrapper</Filter>
    </ClInclude>
    <ClInclude Include="..\3rdparty\FW1FontWrapper\Source\CFW1GlyphProvider.h">
      <Filter>FW1FontWrapper</Filter>
    </ClInclude>
    <ClInclude Include="..\3rdparty\FW1FontWrapper\Source\CFW1GlyphRenderStates.h">
      <Filter>FW1FontWrapper</Filter>
    </ClInclude>
    <ClInclude Include="..\3rdparty\FW1FontWrapper\Source\CFW1GlyphSheet.h">
      <Filter>FW1FontWrapper</Filter>
    </ClInclude>
    <ClInclude Include="..\3rdparty\FW1FontWrapper\Source\CFW1GlyphVertexDrawer.h">
      <Filter>FW1FontWrapper</Filter>
    </ClInclude>
    <ClInclude Include="..\3rdparty\FW1FontWrapper\Source\CFW1Object.h">
      <Filter>FW1FontWrapper</Filter>
    </ClInclude>
    <ClInclude Include="..\3rdparty\FW1FontWrapper\Source\CFW1StateSaver.h">
      <Filter>FW1FontWrapper</Filter>
    </ClInclude>
    <ClInclude Include="..\3rdparty\FW1FontWrapper\Source\CFW1TextGeometry.h">
      <Filter>FW1FontWrapper</Filter>
    </ClInclude>
    <ClInclude Include="..\3rdparty\FW1FontWrapper\Source\CFW1TextRenderer.h">
      <Filter>FW1FontWrapper</Filter>
    </ClInclude>
    <ClInclude Include="..\3rdparty\FW1FontWrapper\Source\FW1CompileSettings.h">
      <Filter>FW1FontWrapper</Filter>
    </ClInclude>
    <ClInclude Include="..\3rdparty\FW1FontWrapper\Source\FW1FontWrapper.h">
      <Filter>FW1FontWrapper</Filter>
    </ClInclude>
    <ClInclude Include="..\3rdparty\FW1FontWrapper\Source\FW1Precompiled.h">
      <Filter>FW1FontWrapper</Filter>
    </ClInclude>
    <ClInclude Include="States\PipelineState.h">
      <Filter>DX11\States</Filter>
    </ClInclude>
    <ClInclude Include="d3dx12.h" />
    <ClInclude Include="DX12\Device12.h">
      <Filter>DX12</Filter>
    </ClInclude>
    <ClInclude Include="DX12\Swapchain12.h">
      <Filter>DX12</Filter>
    </ClInclude>
    <ClInclude Include="DX12\Resource.h">
      <Filter>DX12</Filter>
    </ClInclude>
    <ClInclude Include="DX12\CommandList.h">
      <Filter>DX12</Filter>
    </ClInclude>
    <ClInclude Include="DX12\RootSignature.h">
      <Filter>DX12</Filter>
    </ClInclude>
    <ClInclude Include="DX12\Shader.h">
      <Filter>DX12</Filter>
    </ClInclude>
    <ClInclude Include="D3D\ShaderReflection.h">
      <Filter>D3D</Filter>
    </ClInclude>
    <ClInclude Include="D3D\Shaders.h">
      <Filter>D3D</Filter>
    </ClInclude>
    <ClInclude Include="DX12\Texture.h">
      <Filter>DX12</Filter>
    </ClInclude>
    <ClInclude Include="DX12\PipelineState.h">
      <Filter>DX12</Filter>
    </ClInclude>
    <ClInclude Include="DX12\Buffer.h">
      <Filter>DX12</Filter>
    </ClInclude>
    <ClInclude Include="InputLayouts.h" />
    <ClInclude Include="D3D\TextureLoader.h">
      <Filter>D3D</Filter>
    </ClInclude>
    <ClInclude Include="DX12\GPUTimer.h">
      <Filter>DX12</Filter>
    </ClInclude>
    <ClInclude Include="DX12\Samplers.h">
      <Filter>DX12</Filter>
    </ClInclude>
    <ClInclude Include="DX12\SignatureCreator.h">
      <Filter>DX12</Filter>
    </ClInclude>
    <ClInclude Include="DX12\RayTracingAS.h">
      <Filter>DX12</Filter>
    </ClInclude>
  </ItemGroup>
  <ItemGroup>
    <ClCompile Include="pch.cpp" />
    <ClCompile Include="Device\Device.cpp">
      <Filter>DX11\Device</Filter>
    </ClCompile>
    <ClCompile Include="ResourceViews\RenderTarget.cpp">
      <Filter>DX11\ResourceViews</Filter>
    </ClCompile>
    <ClCompile Include="Shaders\Shader.cpp">
      <Filter>DX11\Shaders</Filter>
    </ClCompile>
    <ClCompile Include="States\RenderTargetState.cpp">
      <Filter>DX11\States</Filter>
    </ClCompile>
    <ClCompile Include="States\ConstBufferState.cpp">
      <Filter>DX11\States</Filter>
    </ClCompile>
    <ClCompile Include="Resource\InputLayout.cpp">
      <Filter>DX11\Resource</Filter>
    </ClCompile>
    <ClCompile Include="Resource\Texture2D.cpp">
      <Filter>DX11\Resource</Filter>
    </ClCompile>
    <ClCompile Include="ResourceViews\ShaderResourceView.cpp">
      <Filter>DX11\ResourceViews</Filter>
    </ClCompile>
    <ClCompile Include="States\ShaderResourceState.cpp">
      <Filter>DX11\States</Filter>
    </ClCompile>
    <ClCompile Include="helper.cpp" />
    <ClCompile Include="States\SamplerState.cpp">
      <Filter>DX11\States</Filter>
    </ClCompile>
    <ClCompile Include="States\States.cpp">
      <Filter>DX11\States</Filter>
    </ClCompile>
    <ClCompile Include="..\3rdparty\FW1FontWrapper\Source\CFW1ColorRGBA.cpp">
      <Filter>FW1FontWrapper</Filter>
    </ClCompile>
    <ClCompile Include="..\3rdparty\FW1FontWrapper\Source\CFW1ColorRGBAInterface.cpp">
      <Filter>FW1FontWrapper</Filter>
    </ClCompile>
    <ClCompile Include="..\3rdparty\FW1FontWrapper\Source\CFW1DWriteRenderTarget.cpp">
      <Filter>FW1FontWrapper</Filter>
    </ClCompile>
    <ClCompile Include="..\3rdparty\FW1FontWrapper\Source\CFW1DWriteRenderTargetInterface.cpp">
      <Filter>FW1FontWrapper</Filter>
    </ClCompile>
    <ClCompile Include="..\3rdparty\FW1FontWrapper\Source\CFW1Factory.cpp">
      <Filter>FW1FontWrapper</Filter>
    </ClCompile>
    <ClCompile Include="..\3rdparty\FW1FontWrapper\Source\CFW1FactoryInterface.cpp">
      <Filter>FW1FontWrapper</Filter>
    </ClCompile>
    <ClCompile Include="..\3rdparty\FW1FontWrapper\Source\CFW1FontWrapper.cpp">
      <Filter>FW1FontWrapper</Filter>
    </ClCompile>
    <ClCompile Include="..\3rdparty\FW1FontWrapper\Source\CFW1FontWrapperInterface.cpp">
      <Filter>FW1FontWrapper</Filter>
    </ClCompile>
    <ClCompile Include="..\3rdparty\FW1FontWrapper\Source\CFW1GlyphAtlas.cpp">
      <Filter>FW1FontWrapper</Filter>
    </ClCompile>
    <ClCompile Include="..\3rdparty\FW1FontWrapper\Source\CFW1GlyphAtlasInterface.cpp">
      <Filter>FW1FontWrapper</Filter>
    </ClCompile>
    <ClCompile Include="..\3rdparty\FW1FontWrapper\Source\CFW1GlyphProvider.cpp">
      <Filter>FW1FontWrapper</Filter>
    </ClCompile>
    <ClCompile Include="..\3rdparty\FW1FontWrapper\Source\CFW1GlyphProviderInterface.cpp">
      <Filter>FW1FontWrapper</Filter>
    </ClCompile>
    <ClCompile Include="..\3rdparty\FW1FontWrapper\Source\CFW1GlyphRenderStates.cpp">
      <Filter>FW1FontWrapper</Filter>
    </ClCompile>
    <ClCompile Include="..\3rdparty\FW1FontWrapper\Source\CFW1GlyphRenderStatesInterface.cpp">
      <Filter>FW1FontWrapper</Filter>
    </ClCompile>
    <ClCompile Include="..\3rdparty\FW1FontWrapper\Source\CFW1GlyphSheet.cpp">
      <Filter>FW1FontWrapper</Filter>
    </ClCompile>
    <ClCompile Include="..\3rdparty\FW1FontWrapper\Source\CFW1GlyphSheetInterface.cpp">
      <Filter>FW1FontWrapper</Filter>
    </ClCompile>
    <ClCompile Include="..\3rdparty\FW1FontWrapper\Source\CFW1GlyphVertexDrawer.cpp">
      <Filter>FW1FontWrapper</Filter>
    </ClCompile>
    <ClCompile Include="..\3rdparty\FW1FontWrapper\Source\CFW1GlyphVertexDrawerInterface.cpp">
      <Filter>FW1FontWrapper</Filter>
    </ClCompile>
    <ClCompile Include="..\3rdparty\FW1FontWrapper\Source\CFW1StateSaver.cpp">
      <Filter>FW1FontWrapper</Filter>
    </ClCompile>
    <ClCompile Include="..\3rdparty\FW1FontWrapper\Source\CFW1TextGeometry.cpp">
      <Filter>FW1FontWrapper</Filter>
    </ClCompile>
    <ClCompile Include="..\3rdparty\FW1FontWrapper\Source\CFW1TextGeometryInterface.cpp">
      <Filter>FW1FontWrapper</Filter>
    </ClCompile>
    <ClCompile Include="..\3rdparty\FW1FontWrapper\Source\CFW1TextRenderer.cpp">
      <Filter>FW1FontWrapper</Filter>
    </ClCompile>
    <ClCompile Include="..\3rdparty\FW1FontWrapper\Source\CFW1TextRendererInterface.cpp">
      <Filter>FW1FontWrapper</Filter>
    </ClCompile>
    <ClCompile Include="..\3rdparty\FW1FontWrapper\Source\FW1FontWrapper.cpp">
      <Filter>FW1FontWrapper</Filter>
    </ClCompile>
    <ClCompile Include="..\3rdparty\FW1FontWrapper\Source\FW1Precompiled.cpp">
      <Filter>FW1FontWrapper</Filter>
    </ClCompile>
    <ClCompile Include="Context\Context.cpp">
      <Filter>DX11\Context</Filter>
    </ClCompile>
    <ClCompile Include="SwapChain\SwapChain.cpp">
      <Filter>DX11\SwapChain</Filter>
    </ClCompile>
    <ClCompile Include="DX12\Device12.cpp">
      <Filter>DX12</Filter>
    </ClCompile>
    <ClCompile Include="DX12\Swapchain12.cpp">
      <Filter>DX12</Filter>
    </ClCompile>
    <ClCompile Include="DX12\Resource.cpp">
      <Filter>DX12</Filter>
    </ClCompile>
    <ClCompile Include="DX12\CommandList.cpp">
      <Filter>DX12</Filter>
    </ClCompile>
    <ClCompile Include="DX12\Shader.cpp">
      <Filter>DX12</Filter>
    </ClCompile>
    <ClCompile Include="D3D\ShaderReflection.cpp">
      <Filter>D3D</Filter>
    </ClCompile>
    <ClCompile Include="D3D\Shaders.cpp">
      <Filter>D3D</Filter>
    </ClCompile>
    <ClCompile Include="DX12\Texture.cpp">
      <Filter>DX12</Filter>
    </ClCompile>
    <ClCompile Include="DX12\RootSignature.cpp">
      <Filter>DX12</Filter>
    </ClCompile>
    <ClCompile Include="InputLayouts.cpp" />
    <ClCompile Include="DX12\PipelineState.cpp">
      <Filter>DX12</Filter>
    </ClCompile>
    <ClCompile Include="Header.cpp">
      <Filter>DX11\Resource\TextureData</Filter>
    </ClCompile>
    <ClCompile Include="DX12\Buffer.cpp">
      <Filter>DX12</Filter>
    </ClCompile>
    <ClCompile Include="DX12\Samplers.cpp">
      <Filter>DX12</Filter>
    </ClCompile>
    <ClCompile Include="DX12\GPUTimer.cpp">
      <Filter>DX12</Filter>
    </ClCompile>
    <ClCompile Include="DX12\SignatureCreator.cpp">
      <Filter>DX12</Filter>
    </ClCompile>
  </ItemGroup>
</Project>