<?xml version="1.0" encoding="utf-8"?>
<Project ToolsVersion="4.0" xmlns="http://schemas.microsoft.com/developer/msbuild/2003">
  <ItemGroup>
    <Filter Include="Math">
      <UniqueIdentifier>{dbcb6599-15f5-41cd-a8ae-b2fcdf25ff5d}</UniqueIdentifier>
    </Filter>
    <Filter Include="Patterns">
      <UniqueIdentifier>{a1ab1dfb-90ec-4744-8ac9-ca205fd06074}</UniqueIdentifier>
    </Filter>
    <Filter Include="Log">
      <UniqueIdentifier>{3f030ea3-003e-4b5d-abfe-4eb807f8adfd}</UniqueIdentifier>
    </Filter>
    <Filter Include="Serialization">
      <UniqueIdentifier>{5e8adea6-681c-408b-b45d-df4196f83164}</UniqueIdentifier>
    </Filter>
    <Filter Include="Data">
      <UniqueIdentifier>{0fe7c7c5-968b-4b45-aa4f-679fd30dd829}</UniqueIdentifier>
    </Filter>
    <Filter Include="DebugInfo">
      <UniqueIdentifier>{78d6e2e3-1dae-45e2-8e3e-3ddbb6daaa22}</UniqueIdentifier>
    </Filter>
    <Filter Include="GUID">
      <UniqueIdentifier>{4d47b3b0-0e76-4e84-aabf-a236b0499574}</UniqueIdentifier>
    </Filter>
    <Filter Include="Threads">
      <UniqueIdentifier>{4d1870e4-5319-4ce6-b29e-53142ed2617b}</UniqueIdentifier>
    </Filter>
    <Filter Include="Tree">
      <UniqueIdentifier>{b0a15dd9-c018-4566-a26a-fef73a4004e7}</UniqueIdentifier>
    </Filter>
    <Filter Include="Application">
      <UniqueIdentifier>{3e8a00ec-3c76-40f5-9afc-f3539d9cabb8}</UniqueIdentifier>
    </Filter>
    <Filter Include="Profiling">
      <UniqueIdentifier>{441bc377-78aa-4795-ab38-e52672dc0eca}</UniqueIdentifier>
    </Filter>
  </ItemGroup>
  <ItemGroup>
    <ClInclude Include="Math\Constants.h">
      <Filter>Math</Filter>
    </ClInclude>
    <ClInclude Include="Math\GeometryPrimitives.h">
      <Filter>Math</Filter>
    </ClInclude>
    <ClInclude Include="Math\MathX.h">
      <Filter>Math</Filter>
    </ClInclude>
    <ClInclude Include="Math\Matrices.h">
      <Filter>Math</Filter>
    </ClInclude>
    <ClInclude Include="Math\Quaternions.h">
      <Filter>Math</Filter>
    </ClInclude>
    <ClInclude Include="Math\Vectors.h">
      <Filter>Math</Filter>
    </ClInclude>
    <ClInclude Include="Patterns\Singleton.h">
      <Filter>Patterns</Filter>
    </ClInclude>
    <ClInclude Include="pch.h" />
    <ClInclude Include="Serialization\polymorphic_portable_archive.hpp">
      <Filter>Serialization</Filter>
    </ClInclude>
    <ClInclude Include="Serialization\portable_archive.hpp">
      <Filter>Serialization</Filter>
    </ClInclude>
    <ClInclude Include="Serialization\portable_archive_exception.hpp">
      <Filter>Serialization</Filter>
    </ClInclude>
    <ClInclude Include="Serialization\portable_iarchive.hpp">
      <Filter>Serialization</Filter>
    </ClInclude>
    <ClInclude Include="Serialization\portable_oarchive.hpp">
      <Filter>Serialization</Filter>
    </ClInclude>
    <ClInclude Include="Serialization\Serializer.h">
      <Filter>Serialization</Filter>
    </ClInclude>
    <ClInclude Include="Log\Log.h">
      <Filter>Log</Filter>
    </ClInclude>
    <ClInclude Include="Math\math_serialization.h">
      <Filter>Serialization</Filter>
    </ClInclude>
    <ClInclude Include="Log\simple_archive.h">
      <Filter>Log</Filter>
    </ClInclude>
    <ClInclude Include="Data\Data.h">
      <Filter>Data</Filter>
    </ClInclude>
    <ClInclude Include="Data\md5.h">
      <Filter>Data</Filter>
    </ClInclude>
    <ClInclude Include="Serialization\shared_ptr.h">
      <Filter>Serialization</Filter>
    </ClInclude>
    <ClInclude Include="DebugInfo\Debug.h">
      <Filter>DebugInfo</Filter>
    </ClInclude>
    <ClInclude Include="Math\ScalarMath.h">
      <Filter>Math</Filter>
    </ClInclude>
    <ClInclude Include="Patterns\SharedObject.h">
      <Filter>Patterns</Filter>
    </ClInclude>
    <ClInclude Include="Input\InputSystem.h" />
    <ClInclude Include="BinaryObjects.h" />
    <ClInclude Include="Patterns\EditObject.h">
      <Filter>Patterns</Filter>
    </ClInclude>
    <ClInclude Include="Platform.h" />
    <ClInclude Include="GUID\guid.h">
      <Filter>GUID</Filter>
    </ClInclude>
    <ClInclude Include="Threads\Scheduler.h">
      <Filter>Threads</Filter>
    </ClInclude>
    <ClInclude Include="Threads\Threading.h">
      <Filter>Threads</Filter>
    </ClInclude>
    <ClInclude Include="Log\Tasks.h">
      <Filter>Log</Filter>
    </ClInclude>
    <ClInclude Include="Log\Events.h" />
    <ClInclude Include="patterns\IdGenerator.h">
      <Filter>Patterns</Filter>
    </ClInclude>
    <ClInclude Include="Tree\Tree.h">
      <Filter>Tree</Filter>
    </ClInclude>
    <ClInclude Include="DebugInfo\StackWalker.h">
      <Filter>DebugInfo</Filter>
    </ClInclude>
    <ClInclude Include="patterns\Holdable.h">
      <Filter>Patterns</Filter>
    </ClInclude>
    <ClInclude Include="Application\Application.h">
      <Filter>Application</Filter>
    </ClInclude>
    <ClInclude Include="Profiling\Profiling.h">
      <Filter>Profiling</Filter>
    </ClInclude>
  </ItemGroup>
  <ItemGroup>
    <ClCompile Include="pch.cpp" />
    <ClCompile Include="Math\Quaternions.cpp">
      <Filter>Math</Filter>
    </ClCompile>
    <ClCompile Include="Log\Log.cpp">
      <Filter>Log</Filter>
    </ClCompile>
    <ClCompile Include="Math\GeometryPrimitives.cpp">
      <Filter>Math</Filter>
    </ClCompile>
    <ClCompile Include="Math\Matrices.cpp">
      <Filter>Math</Filter>
    </ClCompile>
    <ClCompile Include="Data\md5.cpp">
      <Filter>Data</Filter>
    </ClCompile>
    <ClCompile Include="DebugInfo\Debug.cpp">
      <Filter>DebugInfo</Filter>
    </ClCompile>
    <ClCompile Include="Math\ScalarMath.cpp">
      <Filter>Math</Filter>
    </ClCompile>
    <ClCompile Include="Math\Vectors.cpp">
      <Filter>Math</Filter>
    </ClCompile>
    <ClCompile Include="Input\InputSystem.cpp" />
    <ClCompile Include="Patterns\EditObject.cpp">
      <Filter>Patterns</Filter>
    </ClCompile>
    <ClCompile Include="GUID\guid.cpp">
      <Filter>GUID</Filter>
    </ClCompile>
    <ClCompile Include="Platform.cpp" />
    <ClCompile Include="Threads\Threading.cpp">
      <Filter>Threads</Filter>
    </ClCompile>
    <ClCompile Include="DebugInfo\StackWalker.cpp">
      <Filter>DebugInfo</Filter>
    </ClCompile>
    <ClCompile Include="Data\Data.cpp">
      <Filter>Data</Filter>
    </ClCompile>
    <ClCompile Include="Log\Tasks.cpp">
      <Filter>Log</Filter>
    </ClCompile>
    <ClCompile Include="patterns\Holdable.cpp">
      <Filter>Patterns</Filter>
    </ClCompile>
    <ClCompile Include="Application\Application.cpp">
      <Filter>Application</Filter>
    </ClCompile>
    <ClCompile Include="Profiling\Profiling.cpp">
      <Filter>Profiling</Filter>
    </ClCompile>
    <ClCompile Include="Threads\Scheduler.cpp">
      <Filter>Threads</Filter>
    </ClCompile>
  </ItemGroup>
</Project>